
Microsoft Visual Studio Solution File, Format Version 12.00
# Visual Studio Version 17
VisualStudioVersion = 17.5.002.0
MinimumVisualStudioVersion = 10.0.40219.1
Project("{2150E333-8FDC-42A3-9474-1A3956D46DE8}") = "csharp-prep", "csharp-prep", "{4AB2B1E3-B121-46F0-A553-633B65F8E328}"
EndProject
Project("{9A19103F-16F7-4668-BE54-9A1E7A4F7556}") = "Prep1", "csharp-prep\Prep1\Prep1.csproj", "{E6390CA0-A888-4742-93D8-BA3FBB3A8974}"
EndProject
Project("{9A19103F-16F7-4668-BE54-9A1E7A4F7556}") = "Prep2", "csharp-prep\Prep2\Prep2.csproj", "{73732F34-9ABD-4341-8B2F-8CA034057704}"
EndProject
Project("{9A19103F-16F7-4668-BE54-9A1E7A4F7556}") = "Prep3", "csharp-prep\Prep3\Prep3.csproj", "{74DD010D-B46D-4805-93AB-9D8BE071E7C5}"
EndProject
Project("{9A19103F-16F7-4668-BE54-9A1E7A4F7556}") = "Prep4", "csharp-prep\Prep4\Prep4.csproj", "{6C28EFAB-CB6B-4AAB-BFF0-C692F7A70FD2}"
EndProject
Project("{9A19103F-16F7-4668-BE54-9A1E7A4F7556}") = "Prep5", "csharp-prep\Prep5\Prep5.csproj", "{BF93553B-9126-4CF6-8EB6-47D942AF2327}"
EndProject
Project("{2150E333-8FDC-42A3-9474-1A3956D46DE8}") = "final", "final", "{2EB50106-9DF2-4062-B8ED-5DCB47811FE5}"
EndProject
Project("{9A19103F-16F7-4668-BE54-9A1E7A4F7556}") = "FinalProject", "final\FinalProject\FinalProject.csproj", "{5012A5AF-56D0-4578-94E3-E08B4DE26E15}"
EndProject
Project("{9A19103F-16F7-4668-BE54-9A1E7A4F7556}") = "Foundation1", "final\Foundation1\Foundation1.csproj", "{D394F18F-6316-458D-9A7A-526EDD680C5C}"
EndProject
Project("{9A19103F-16F7-4668-BE54-9A1E7A4F7556}") = "Foundation2", "final\Foundation2\Foundation2.csproj", "{10602AEC-B0D5-438F-8E76-CAF58B50CBF0}"
EndProject
Project("{9A19103F-16F7-4668-BE54-9A1E7A4F7556}") = "Foundation3", "final\Foundation3\Foundation3.csproj", "{5E99D8FF-F58D-44CE-9051-E8E2CDCD6FBE}"
EndProject
Project("{9A19103F-16F7-4668-BE54-9A1E7A4F7556}") = "Foundation4", "final\Foundation4\Foundation4.csproj", "{15B94493-F863-45BE-A320-C16324B579C7}"
EndProject
Project("{2150E333-8FDC-42A3-9474-1A3956D46DE8}") = "prepare", "prepare", "{98E9ABBC-EEE7-45EF-B855-B1545A9E2E35}"
EndProject
Project("{9A19103F-16F7-4668-BE54-9A1E7A4F7556}") = "Learning02", "prepare\Learning02\Learning02.csproj", "{380873B9-1E86-4C4D-99B8-5E1F32073AC9}"
EndProject
Project("{9A19103F-16F7-4668-BE54-9A1E7A4F7556}") = "Learning03", "prepare\Learning03\Learning03.csproj", "{4FBF1101-A219-4CF8-998B-F9B223EB697B}"
EndProject
Project("{9A19103F-16F7-4668-BE54-9A1E7A4F7556}") = "Learning04", "prepare\Learning04\Learning04.csproj", "{127F95EF-AB2B-4782-8660-D7F350B012E0}"
EndProject
Project("{9A19103F-16F7-4668-BE54-9A1E7A4F7556}") = "Learning05", "prepare\Learning05\Learning05.csproj", "{E477EEC7-3320-4434-B69C-84EEC5FB95FA}"
EndProject
Project("{2150E333-8FDC-42A3-9474-1A3956D46DE8}") = "prove", "prove", "{65EB434C-552B-4FFC-BD64-478AA102FF4F}"
EndProject
Project("{9A19103F-16F7-4668-BE54-9A1E7A4F7556}") = "Develop02", "prove\Develop02\Develop02.csproj", "{3ACE0EAC-A39F-463F-A1B6-0427A9DD4840}"
EndProject
Project("{9A19103F-16F7-4668-BE54-9A1E7A4F7556}") = "Develop03", "prove\Develop03\Develop03.csproj", "{A59F9C91-3E26-441C-9DFC-1F083DEF89E3}"
EndProject
Project("{9A19103F-16F7-4668-BE54-9A1E7A4F7556}") = "Develop04", "prove\Develop04\Develop04.csproj", "{E56AFBCA-7882-4C6A-ADD6-43A9C075E67A}"
EndProject
Project("{9A19103F-16F7-4668-BE54-9A1E7A4F7556}") = "Develop05", "prove\Develop05\Develop05.csproj", "{0C151AF9-79F0-46A4-843A-8ADAB4032CD7}"
EndProject
Project("{2150E333-8FDC-42A3-9474-1A3956D46DE8}") = "sandbox", "sandbox", "{99B2A85E-5237-435C-9C40-8F9E5D3CDDF8}"
EndProject
Project("{9A19103F-16F7-4668-BE54-9A1E7A4F7556}") = "Sandbox", "sandbox\Sandbox\Sandbox.csproj", "{8EABAB8F-57DA-47AF-B604-4C1A011B1D84}"
EndProject
Global
	GlobalSection(SolutionConfigurationPlatforms) = preSolution
		Debug|Any CPU = Debug|Any CPU
		Release|Any CPU = Release|Any CPU
	EndGlobalSection
	GlobalSection(ProjectConfigurationPlatforms) = postSolution
		{E6390CA0-A888-4742-93D8-BA3FBB3A8974}.Debug|Any CPU.ActiveCfg = Debug|Any CPU
		{E6390CA0-A888-4742-93D8-BA3FBB3A8974}.Debug|Any CPU.Build.0 = Debug|Any CPU
		{E6390CA0-A888-4742-93D8-BA3FBB3A8974}.Release|Any CPU.ActiveCfg = Release|Any CPU
		{E6390CA0-A888-4742-93D8-BA3FBB3A8974}.Release|Any CPU.Build.0 = Release|Any CPU
		{73732F34-9ABD-4341-8B2F-8CA034057704}.Debug|Any CPU.ActiveCfg = Debug|Any CPU
		{73732F34-9ABD-4341-8B2F-8CA034057704}.Debug|Any CPU.Build.0 = Debug|Any CPU
		{73732F34-9ABD-4341-8B2F-8CA034057704}.Release|Any CPU.ActiveCfg = Release|Any CPU
		{73732F34-9ABD-4341-8B2F-8CA034057704}.Release|Any CPU.Build.0 = Release|Any CPU
		{74DD010D-B46D-4805-93AB-9D8BE071E7C5}.Debug|Any CPU.ActiveCfg = Debug|Any CPU
		{74DD010D-B46D-4805-93AB-9D8BE071E7C5}.Debug|Any CPU.Build.0 = Debug|Any CPU
		{74DD010D-B46D-4805-93AB-9D8BE071E7C5}.Release|Any CPU.ActiveCfg = Release|Any CPU
		{74DD010D-B46D-4805-93AB-9D8BE071E7C5}.Release|Any CPU.Build.0 = Release|Any CPU
		{6C28EFAB-CB6B-4AAB-BFF0-C692F7A70FD2}.Debug|Any CPU.ActiveCfg = Debug|Any CPU
		{6C28EFAB-CB6B-4AAB-BFF0-C692F7A70FD2}.Debug|Any CPU.Build.0 = Debug|Any CPU
		{6C28EFAB-CB6B-4AAB-BFF0-C692F7A70FD2}.Release|Any CPU.ActiveCfg = Release|Any CPU
		{6C28EFAB-CB6B-4AAB-BFF0-C692F7A70FD2}.Release|Any CPU.Build.0 = Release|Any CPU
		{BF93553B-9126-4CF6-8EB6-47D942AF2327}.Debug|Any CPU.ActiveCfg = Debug|Any CPU
		{BF93553B-9126-4CF6-8EB6-47D942AF2327}.Debug|Any CPU.Build.0 = Debug|Any CPU
		{BF93553B-9126-4CF6-8EB6-47D942AF2327}.Release|Any CPU.ActiveCfg = Release|Any CPU
		{BF93553B-9126-4CF6-8EB6-47D942AF2327}.Release|Any CPU.Build.0 = Release|Any CPU
		{5012A5AF-56D0-4578-94E3-E08B4DE26E15}.Debug|Any CPU.ActiveCfg = Debug|Any CPU
		{5012A5AF-56D0-4578-94E3-E08B4DE26E15}.Debug|Any CPU.Build.0 = Debug|Any CPU
		{5012A5AF-56D0-4578-94E3-E08B4DE26E15}.Release|Any CPU.ActiveCfg = Release|Any CPU
		{5012A5AF-56D0-4578-94E3-E08B4DE26E15}.Release|Any CPU.Build.0 = Release|Any CPU
		{D394F18F-6316-458D-9A7A-526EDD680C5C}.Debug|Any CPU.ActiveCfg = Debug|Any CPU
		{D394F18F-6316-458D-9A7A-526EDD680C5C}.Debug|Any CPU.Build.0 = Debug|Any CPU
		{D394F18F-6316-458D-9A7A-526EDD680C5C}.Release|Any CPU.ActiveCfg = Release|Any CPU
		{D394F18F-6316-458D-9A7A-526EDD680C5C}.Release|Any CPU.Build.0 = Release|Any CPU
		{10602AEC-B0D5-438F-8E76-CAF58B50CBF0}.Debug|Any CPU.ActiveCfg = Debug|Any CPU
		{10602AEC-B0D5-438F-8E76-CAF58B50CBF0}.Debug|Any CPU.Build.0 = Debug|Any CPU
		{10602AEC-B0D5-438F-8E76-CAF58B50CBF0}.Release|Any CPU.ActiveCfg = Release|Any CPU
		{10602AEC-B0D5-438F-8E76-CAF58B50CBF0}.Release|Any CPU.Build.0 = Release|Any CPU
		{5E99D8FF-F58D-44CE-9051-E8E2CDCD6FBE}.Debug|Any CPU.ActiveCfg = Debug|Any CPU
		{5E99D8FF-F58D-44CE-9051-E8E2CDCD6FBE}.Debug|Any CPU.Build.0 = Debug|Any CPU
		{5E99D8FF-F58D-44CE-9051-E8E2CDCD6FBE}.Release|Any CPU.ActiveCfg = Release|Any CPU
		{5E99D8FF-F58D-44CE-9051-E8E2CDCD6FBE}.Release|Any CPU.Build.0 = Release|Any CPU
		{15B94493-F863-45BE-A320-C16324B579C7}.Debug|Any CPU.ActiveCfg = Debug|Any CPU
		{15B94493-F863-45BE-A320-C16324B579C7}.Debug|Any CPU.Build.0 = Debug|Any CPU
		{15B94493-F863-45BE-A320-C16324B579C7}.Release|Any CPU.ActiveCfg = Release|Any CPU
		{15B94493-F863-45BE-A320-C16324B579C7}.Release|Any CPU.Build.0 = Release|Any CPU
		{380873B9-1E86-4C4D-99B8-5E1F32073AC9}.Debug|Any CPU.ActiveCfg = Debug|Any CPU
		{380873B9-1E86-4C4D-99B8-5E1F32073AC9}.Debug|Any CPU.Build.0 = Debug|Any CPU
		{380873B9-1E86-4C4D-99B8-5E1F32073AC9}.Release|Any CPU.ActiveCfg = Release|Any CPU
		{380873B9-1E86-4C4D-99B8-5E1F32073AC9}.Release|Any CPU.Build.0 = Release|Any CPU
		{4FBF1101-A219-4CF8-998B-F9B223EB697B}.Debug|Any CPU.ActiveCfg = Debug|Any CPU
		{4FBF1101-A219-4CF8-998B-F9B223EB697B}.Debug|Any CPU.Build.0 = Debug|Any CPU
		{4FBF1101-A219-4CF8-998B-F9B223EB697B}.Release|Any CPU.ActiveCfg = Release|Any CPU
		{4FBF1101-A219-4CF8-998B-F9B223EB697B}.Release|Any CPU.Build.0 = Release|Any CPU
		{127F95EF-AB2B-4782-8660-D7F350B012E0}.Debug|Any CPU.ActiveCfg = Debug|Any CPU
		{127F95EF-AB2B-4782-8660-D7F350B012E0}.Debug|Any CPU.Build.0 = Debug|Any CPU
		{127F95EF-AB2B-4782-8660-D7F350B012E0}.Release|Any CPU.ActiveCfg = Release|Any CPU
		{127F95EF-AB2B-4782-8660-D7F350B012E0}.Release|Any CPU.Build.0 = Release|Any CPU
		{E477EEC7-3320-4434-B69C-84EEC5FB95FA}.Debug|Any CPU.ActiveCfg = Debug|Any CPU
		{E477EEC7-3320-4434-B69C-84EEC5FB95FA}.Debug|Any CPU.Build.0 = Debug|Any CPU
		{E477EEC7-3320-4434-B69C-84EEC5FB95FA}.Release|Any CPU.ActiveCfg = Release|Any CPU
		{E477EEC7-3320-4434-B69C-84EEC5FB95FA}.Release|Any CPU.Build.0 = Release|Any CPU
		{3ACE0EAC-A39F-463F-A1B6-0427A9DD4840}.Debug|Any CPU.ActiveCfg = Debug|Any CPU
		{3ACE0EAC-A39F-463F-A1B6-0427A9DD4840}.Debug|Any CPU.Build.0 = Debug|Any CPU
		{3ACE0EAC-A39F-463F-A1B6-0427A9DD4840}.Release|Any CPU.ActiveCfg = Release|Any CPU
		{3ACE0EAC-A39F-463F-A1B6-0427A9DD4840}.Release|Any CPU.Build.0 = Release|Any CPU
		{A59F9C91-3E26-441C-9DFC-1F083DEF89E3}.Debug|Any CPU.ActiveCfg = Debug|Any CPU
		{A59F9C91-3E26-441C-9DFC-1F083DEF89E3}.Debug|Any CPU.Build.0 = Debug|Any CPU
		{A59F9C91-3E26-441C-9DFC-1F083DEF89E3}.Release|Any CPU.ActiveCfg = Release|Any CPU
		{A59F9C91-3E26-441C-9DFC-1F083DEF89E3}.Release|Any CPU.Build.0 = Release|Any CPU
		{E56AFBCA-7882-4C6A-ADD6-43A9C075E67A}.Debug|Any CPU.ActiveCfg = Debug|Any CPU
		{E56AFBCA-7882-4C6A-ADD6-43A9C075E67A}.Debug|Any CPU.Build.0 = Debug|Any CPU
		{E56AFBCA-7882-4C6A-ADD6-43A9C075E67A}.Release|Any CPU.ActiveCfg = Release|Any CPU
		{E56AFBCA-7882-4C6A-ADD6-43A9C075E67A}.Release|Any CPU.Build.0 = Release|Any CPU
		{0C151AF9-79F0-46A4-843A-8ADAB4032CD7}.Debug|Any CPU.ActiveCfg = Debug|Any CPU
		{0C151AF9-79F0-46A4-843A-8ADAB4032CD7}.Debug|Any CPU.Build.0 = Debug|Any CPU
		{0C151AF9-79F0-46A4-843A-8ADAB4032CD7}.Release|Any CPU.ActiveCfg = Release|Any CPU
		{0C151AF9-79F0-46A4-843A-8ADAB4032CD7}.Release|Any CPU.Build.0 = Release|Any CPU
		{8EABAB8F-57DA-47AF-B604-4C1A011B1D84}.Debug|Any CPU.ActiveCfg = Debug|Any CPU
		{8EABAB8F-57DA-47AF-B604-4C1A011B1D84}.Debug|Any CPU.Build.0 = Debug|Any CPU
		{8EABAB8F-57DA-47AF-B604-4C1A011B1D84}.Release|Any CPU.ActiveCfg = Release|Any CPU
		{8EABAB8F-57DA-47AF-B604-4C1A011B1D84}.Release|Any CPU.Build.0 = Release|Any CPU
	EndGlobalSection
	GlobalSection(SolutionProperties) = preSolution
		HideSolutionNode = FALSE
	EndGlobalSection
	GlobalSection(NestedProjects) = preSolution
		{E6390CA0-A888-4742-93D8-BA3FBB3A8974} = {4AB2B1E3-B121-46F0-A553-633B65F8E328}
		{73732F34-9ABD-4341-8B2F-8CA034057704} = {4AB2B1E3-B121-46F0-A553-633B65F8E328}
		{74DD010D-B46D-4805-93AB-9D8BE071E7C5} = {4AB2B1E3-B121-46F0-A553-633B65F8E328}
		{6C28EFAB-CB6B-4AAB-BFF0-C692F7A70FD2} = {4AB2B1E3-B121-46F0-A553-633B65F8E328}
		{BF93553B-9126-4CF6-8EB6-47D942AF2327} = {4AB2B1E3-B121-46F0-A553-633B65F8E328}
		{5012A5AF-56D0-4578-94E3-E08B4DE26E15} = {2EB50106-9DF2-4062-B8ED-5DCB47811FE5}
		{D394F18F-6316-458D-9A7A-526EDD680C5C} = {2EB50106-9DF2-4062-B8ED-5DCB47811FE5}
		{10602AEC-B0D5-438F-8E76-CAF58B50CBF0} = {2EB50106-9DF2-4062-B8ED-5DCB47811FE5}
		{5E99D8FF-F58D-44CE-9051-E8E2CDCD6FBE} = {2EB50106-9DF2-4062-B8ED-5DCB47811FE5}
		{15B94493-F863-45BE-A320-C16324B579C7} = {2EB50106-9DF2-4062-B8ED-5DCB47811FE5}
		{380873B9-1E86-4C4D-99B8-5E1F32073AC9} = {98E9ABBC-EEE7-45EF-B855-B1545A9E2E35}
		{4FBF1101-A219-4CF8-998B-F9B223EB697B} = {98E9ABBC-EEE7-45EF-B855-B1545A9E2E35}
		{127F95EF-AB2B-4782-8660-D7F350B012E0} = {98E9ABBC-EEE7-45EF-B855-B1545A9E2E35}
		{E477EEC7-3320-4434-B69C-84EEC5FB95FA} = {98E9ABBC-EEE7-45EF-B855-B1545A9E2E35}
		{3ACE0EAC-A39F-463F-A1B6-0427A9DD4840} = {65EB434C-552B-4FFC-BD64-478AA102FF4F}
		{A59F9C91-3E26-441C-9DFC-1F083DEF89E3} = {65EB434C-552B-4FFC-BD64-478AA102FF4F}
		{E56AFBCA-7882-4C6A-ADD6-43A9C075E67A} = {65EB434C-552B-4FFC-BD64-478AA102FF4F}
		{0C151AF9-79F0-46A4-843A-8ADAB4032CD7} = {65EB434C-552B-4FFC-BD64-478AA102FF4F}
		{8EABAB8F-57DA-47AF-B604-4C1A011B1D84} = {99B2A85E-5237-435C-9C40-8F9E5D3CDDF8}
	EndGlobalSection
	GlobalSection(ExtensibilityGlobals) = postSolution
		SolutionGuid = {4736D393-66A7-4F95-98E0-31664F32D362}
	EndGlobalSection
EndGlobal
